
Microsoft Visual Studio Solution File, Format Version 12.00
# Visual Studio Version 17
VisualStudioVersion = 17.4.33205.214
MinimumVisualStudioVersion = 10.0.40219.1
Project("{FAE04EC0-301F-11D3-BF4B-00C04F79EFBC}") = "CalculatorProject", "CalculatorProject.csproj", "{57A18046-3839-4A7B-A12C-539E517DD437}"
EndProject
Project("{FAE04EC0-301F-11D3-BF4B-00C04F79EFBC}") = "CalculatorProjectTests", "..\CalculatorProjectTests\CalculatorProjectTests.csproj", "{2B2373AE-95C6-4BA5-99B2-EC35F9744304}"
EndProject
Global
	GlobalSection(SolutionConfigurationPlatforms) = preSolution
		Debug|Any CPU = Debug|Any CPU
		Release|Any CPU = Release|Any CPU
	EndGlobalSection
	GlobalSection(ProjectConfigurationPlatforms) = postSolution
		{57A18046-3839-4A7B-A12C-539E517DD437}.Debug|Any CPU.ActiveCfg = Debug|Any CPU
		{57A18046-3839-4A7B-A12C-539E517DD437}.Debug|Any CPU.Build.0 = Debug|Any CPU
		{57A18046-3839-4A7B-A12C-539E517DD437}.Release|Any CPU.ActiveCfg = Release|Any CPU
		{57A18046-3839-4A7B-A12C-539E517DD437}.Release|Any CPU.Build.0 = Release|Any CPU
		{2B2373AE-95C6-4BA5-99B2-EC35F9744304}.Debug|Any CPU.ActiveCfg = Debug|Any CPU
		{2B2373AE-95C6-4BA5-99B2-EC35F9744304}.Debug|Any CPU.Build.0 = Debug|Any CPU
		{2B2373AE-95C6-4BA5-99B2-EC35F9744304}.Release|Any CPU.ActiveCfg = Release|Any CPU
		{2B2373AE-95C6-4BA5-99B2-EC35F9744304}.Release|Any CPU.Build.0 = Release|Any CPU
	EndGlobalSection
	GlobalSection(SolutionProperties) = preSolution
		HideSolutionNode = FALSE
	EndGlobalSection
	GlobalSection(ExtensibilityGlobals) = postSolution
		SolutionGuid = {111E6FB5-68D5-4E4E-B675-B7B1E77249C4}
	EndGlobalSection
EndGlobal
